# THIS IS AN AUTOGENERATED FILE. DO NOT EDIT THIS FILE DIRECTLY.
# yarn lockfile v1


lodash.remove@^4.7.0:
  version "4.7.0"
  resolved "https://registry.yarnpkg.com/lodash.remove/-/lodash.remove-4.7.0.tgz#f31d31e7c39a0690d5074ec0d3627162334ee626"
  integrity sha1-8x0x58OaBpDVB07A02JxYjNO5iY=

uuid@^8.3.1:
  version "8.3.1"
  resolved "https://registry.yarnpkg.com/uuid/-/uuid-8.3.1.tgz#2ba2e6ca000da60fce5a196954ab241131e05a31"
  integrity sha512-FOmRr+FmWEIG8uhZv6C2bTgEVXsHk08kE7mPlrBbEe+c3r9pjceVPgupIfNIhc4yx55H69OXANrUaSuu9eInKg==
